// !$*UTF8*$!
{
	archiveVersion = 1;
	classes = {
	};
	objectVersion = 46;
	objects = {

/* Begin PBXBuildFile section */
		9239B5471E764B94007F31AD /* main.m in Sources */ = {isa = PBXBuildFile; fileRef = 9239B5461E764B94007F31AD /* main.m */; };
		9239B54A1E764B94007F31AD /* AppDelegate.m in Sources */ = {isa = PBXBuildFile; fileRef = 9239B5491E764B94007F31AD /* AppDelegate.m */; };
		9239B54D1E764B94007F31AD /* ViewController.m in Sources */ = {isa = PBXBuildFile; fileRef = 9239B54C1E764B94007F31AD /* ViewController.m */; };
		9239B5501E764B94007F31AD /* Main.storyboard in Resources */ = {isa = PBXBuildFile; fileRef = 9239B54E1E764B94007F31AD /* Main.storyboard */; };
		9239B5521E764B94007F31AD /* Assets.xcassets in Resources */ = {isa = PBXBuildFile; fileRef = 9239B5511E764B94007F31AD /* Assets.xcassets */; };
		9239B5551E764B94007F31AD /* LaunchScreen.storyboard in Resources */ = {isa = PBXBuildFile; fileRef = 9239B5531E764B94007F31AD /* LaunchScreen.storyboard */; };
/* End PBXBuildFile section */

/* Begin PBXFileReference section */
		9239B5421E764B94007F31AD /* OC-获取WiFi信息.app */ = {isa = PBXFileReference; explicitFileType = wrapper.application; includeInIndex = 0; path = "OC-获取WiFi信息.app"; sourceTree = BUILT_PRODUCTS_DIR; };
		9239B5461E764B94007F31AD /* main.m */ = {isa = PBXFileReference; lastKnownFileType = sourcecode.c.objc; path = main.m; sourceTree = "<group>"; };
		9239B5481E764B94007F31AD /* AppDelegate.h */ = {isa = PBXFileReference; lastKnownFileType = sourcecode.c.h; path = AppDelegate.h; sourceTree = "<group>"; };
		9239B5491E764B94007F31AD /* AppDelegate.m */ = {isa = PBXFileReference; lastKnownFileType = sourcecode.c.objc; path = AppDelegate.m; sourceTree = "<group>"; };
		9239B54B1E764B94007F31AD /* ViewController.h */ = {isa = PBXFileReference; lastKnownFileType = sourcecode.c.h; path = ViewController.h; sourceTree = "<group>"; };
		9239B54C1E764B94007F31AD /* ViewController.m */ = {isa = PBXFileReference; lastKnownFileType = sourcecode.c.objc; path = ViewController.m; sourceTree = "<group>"; };
		9239B54F1E764B94007F31AD /* Base */ = {isa = PBXFileReference; lastKnownFileType = file.storyboard; name = Base; path = Base.lproj/Main.storyboard; sourceTree = "<group>"; };
		9239B5511E764B94007F31AD /* Assets.xcassets */ = {isa = PBXFileReference; lastKnownFileType = folder.assetcatalog; path = Assets.xcassets; sourceTree = "<group>"; };
		9239B5541E764B94007F31AD /* Base */ = {isa = PBXFileReference; lastKnownFileType = file.storyboard; name = Base; path = Base.lproj/LaunchScreen.storyboard; sourceTree = "<group>"; };
		9239B5561E764B94007F31AD /* Info.plist */ = {isa = PBXFileReference; lastKnownFileType = text.plist.xml; path = Info.plist; sourceTree = "<group>"; };
/* End PBXFileReference section */

/* Begin PBXFrameworksBuildPhase section */
		9239B53F1E764B94007F31AD /* Frameworks */ = {
			isa = PBXFrameworksBuildPhase;
			buildActionMask = 2147483647;
			files = (
			);
			runOnlyForDeploymentPostprocessing = 0;
		};
/* End PBXFrameworksBuildPhase section */

/* Begin PBXGroup section */
		9239B5391E764B94007F31AD = {
			isa = PBXGroup;
			children = (
				9239B5441E764B94007F31AD /* OC-获取WiFi信息 */,
				9239B5431E764B94007F31AD /* Products */,
			);
			sourceTree = "<group>";
		};
		9239B5431E764B94007F31AD /* Products */ = {
			isa = PBXGroup;
			children = (
				9239B5421E764B94007F31AD /* OC-获取WiFi信息.app */,
			);
			name = Products;
			sourceTree = "<group>";
		};
		9239B5441E764B94007F31AD /* OC-获取WiFi信息 */ = {
			isa = PBXGroup;
			children = (
				9239B5481E764B94007F31AD /* AppDelegate.h */,
				9239B5491E764B94007F31AD /* AppDelegate.m */,
				9239B54B1E764B94007F31AD /* ViewController.h */,
				9239B54C1E764B94007F31AD /* ViewController.m */,
				9239B54E1E764B94007F31AD /* Main.storyboard */,
				9239B5511E764B94007F31AD /* Assets.xcassets */,
				9239B5531E764B94007F31AD /* LaunchScreen.storyboard */,
				9239B5561E764B94007F31AD /* Info.plist */,
				9239B5451E764B94007F31AD /* Supporting Files */,
			);
			path = "OC-获取WiFi信息";
			sourceTree = "<group>";
		};
		9239B5451E764B94007F31AD /* Supporting Files */ = {
			isa = PBXGroup;
			children = (
				9239B5461E764B94007F31AD /* main.m */,
			);
			name = "Supporting Files";
			sourceTree = "<group>";
		};
/* End PBXGroup section */

/* Begin PBXNativeTarget section */
		9239B5411E764B94007F31AD /* OC-获取WiFi信息 */ = {
			isa = PBXNativeTarget;
			buildConfigurationList = 9239B5591E764B94007F31AD /* Build configuration list for PBXNativeTarget "OC-获取WiFi信息" */;
			buildPhases = (
				9239B53E1E764B94007F31AD /* Sources */,
				9239B53F1E764B94007F31AD /* Frameworks */,
				9239B5401E764B94007F31AD /* Resources */,
			);
			buildRules = (
			);
			dependencies = (
			);
			name = "OC-获取WiFi信息";
			productName = "OC-获取WiFi信息";
			productReference = 9239B5421E764B94007F31AD /* OC-获取WiFi信息.app */;
			productType = "com.apple.product-type.application";
		};
/* End PBXNativeTarget section */

/* Begin PBXProject section */
		9239B53A1E764B94007F31AD /* Project object */ = {
			isa = PBXProject;
			attributes = {
				LastUpgradeCheck = 0800;
				ORGANIZATIONNAME = com.xianzaishi;
				TargetAttributes = {
					9239B5411E764B94007F31AD = {
						CreatedOnToolsVersion = 8.0;
						DevelopmentTeam = 2AW396D7B9;
						ProvisioningStyle = Automatic;
					};
				};
			};
			buildConfigurationList = 9239B53D1E764B94007F31AD /* Build configuration list for PBXProject "OC-获取WiFi信息" */;
			compatibilityVersion = "Xcode 3.2";
			developmentRegion = English;
			hasScannedForEncodings = 0;
			knownRegions = (
				en,
				Base,
			);
			mainGroup = 9239B5391E764B94007F31AD;
			productRefGroup = 9239B5431E764B94007F31AD /* Products */;
			projectDirPath = "";
			projectRoot = "";
			targets = (
				9239B5411E764B94007F31AD /* OC-获取WiFi信息 */,
			);
		};
/* End PBXProject section */

/* Begin PBXResourcesBuildPhase section */
		9239B5401E764B94007F31AD /* Resources */ = {
			isa = PBXResourcesBuildPhase;
			buildActionMask = 2147483647;
			files = (
				9239B5551E764B94007F31AD /* LaunchScreen.storyboard in Resources */,
				9239B5521E764B94007F31AD /* Assets.xcassets in Resources */,
				9239B5501E764B94007F31AD /* Main.storyboard in Resources */,
			);
			runOnlyForDeploymentPostprocessing = 0;
		};
/* End PBXResourcesBuildPhase section */

/* Begin PBXSourcesBuildPhase section */
		9239B53E1E764B94007F31AD /* Sources */ = {
			isa = PBXSourcesBuildPhase;
			buildActionMask = 2147483647;
			files = (
				9239B54D1E764B94007F31AD /* ViewController.m in Sources */,
				9239B54A1E764B94007F31AD /* AppDelegate.m in Sources */,
				9239B5471E764B94007F31AD /* main.m in Sources */,
			);
			runOnlyForDeploymentPostprocessing = 0;
		};
/* End PBXSourcesBuildPhase section */

/* Begin PBXVariantGroup section */
		9239B54E1E764B94007F31AD /* Main.storyboard */ = {
			isa = PBXVariantGroup;
			children = (
				9239B54F1E764B94007F31AD /* Base */,
			);
			name = Main.storyboard;
			sourceTree = "<group>";
		};
		9239B5531E764B94007F31AD /* LaunchScreen.storyboard */ = {
			isa = PBXVariantGroup;
			children = (
				9239B5541E764B94007F31AD /* Base */,
			);
			name = LaunchScreen.storyboard;
			sourceTree = "<group>";
		};
/* End PBXVariantGroup section */

/* Begin XCBuildConfiguration section */
		9239B5571E764B94007F31AD /* Debug */ = {
			isa = XCBuildConfiguration;
			buildSettings = {
				ALWAYS_SEARCH_USER_PATHS = NO;
				CLANG_ANALYZER_NONNULL = YES;
				CLANG_CXX_LANGUAGE_STANDARD = "gnu++0x";
				CLANG_CXX_LIBRARY = "libc++";
				CLANG_ENABLE_MODULES = YES;
				CLANG_ENABLE_OBJC_ARC = YES;
				CLANG_WARN_BOOL_CONVERSION = YES;
				CLANG_WARN_CONSTANT_CONVERSION = YES;
				CLANG_WARN_DIRECT_OBJC_ISA_USAGE = YES_ERROR;
				CLANG_WARN_DOCUMENTATION_COMMENTS = YES;
				CLANG_WARN_EMPTY_BODY = YES;
				CLANG_WARN_ENUM_CONVERSION = YES;
				CLANG_WARN_INFINITE_RECURSION = YES;
				CLANG_WARN_INT_CONVERSION = YES;
				CLANG_WARN_OBJC_ROOT_CLASS = YES_ERROR;
				CLANG_WARN_SUSPICIOUS_MOVES = YES;
				CLANG_WARN_UNREACHABLE_CODE = YES;
				CLANG_WARN__DUPLICATE_METHOD_MATCH = YES;
				"CODE_SIGN_IDENTITY[sdk=iphoneos*]" = "iPhone Developer";
				COPY_PHASE_STRIP = NO;
				DEBUG_INFORMATION_FORMAT = dwarf;
				ENABLE_STRICT_OBJC_MSGSEND = YES;
				ENABLE_TESTABILITY = YES;
				GCC_C_LANGUAGE_STANDARD = gnu99;
				GCC_DYNAMIC_NO_PIC = NO;
				GCC_NO_COMMON_BLOCKS = YES;
				GCC_OPTIMIZATION_LEVEL = 0;
				GCC_PREPROCESSOR_DEFINITIONS = (
					"DEBUG=1",
					"$(inherited)",
				);
				GCC_WARN_64_TO_32_BIT_CONVERSION = YES;
				GCC_WARN_ABOUT_RETURN_TYPE = YES_ERROR;
				GCC_WARN_UNDECLARED_SELECTOR = YES;
				GCC_WARN_UNINITIALIZED_AUTOS = YES_AGGRESSIVE;
				GCC_WARN_UNUSED_FUNCTION = YES;
				GCC_WARN_UNUSED_VARIABLE = YES;
				IPHONEOS_DEPLOYMENT_TARGET = 10.0;
				MTL_ENABLE_DEBUG_INFO = YES;
				ONLY_ACTIVE_ARCH = YES;
				SDKROOT = iphoneos;
				TARGETED_DEVICE_FAMILY = "1,2";
			};
			name = Debug;
		};
		9239B5581E764B94007F31AD /* Release */ = {
			isa = XCBuildConfiguration;
			buildSettings = {
				ALWAYS_SEARCH_USER_PATHS = NO;
				CLANG_ANALYZER_NONNULL = YES;
				CLANG_CXX_LANGUAGE_STANDARD = "gnu++0x";
				CLANG_CXX_LIBRARY = "libc++";
				CLANG_ENABLE_MODULES = YES;
				CLANG_ENABLE_OBJC_ARC = YES;
				CLANG_WARN_BOOL_CONVERSION = YES;
				CLANG_WARN_CONSTANT_CONVERSION = YES;
				CLANG_WARN_DIRECT_OBJC_ISA_USAGE = YES_ERROR;
				CLANG_WARN_DOCUMENTATION_COMMENTS = YES;
				CLANG_WARN_EMPTY_BODY = YES;
				CLANG_WARN_ENUM_CONVERSION = YES;
				CLANG_WARN_INFINITE_RECURSION = YES;
				CLANG_WARN_INT_CONVERSION = YES;
				CLANG_WARN_OBJC_ROOT_CLASS = YES_ERROR;
				CLANG_WARN_SUSPICIOUS_MOVES = YES;
				CLANG_WARN_UNREACHABLE_CODE = YES;
				CLANG_WARN__DUPLICATE_METHOD_MATCH = YES;
				"CODE_SIGN_IDENTITY[sdk=iphoneos*]" = "iPhone Developer";
				COPY_PHASE_STRIP = NO;
				DEBUG_INFORMATION_FORMAT = "dwarf-with-dsym";
				ENABLE_NS_ASSERTIONS = NO;
				ENABLE_STRICT_OBJC_MSGSEND = YES;
				GCC_C_LANGUAGE_STANDARD = gnu99;
				GCC_NO_COMMON_BLOCKS = YES;
				GCC_WARN_64_TO_32_BIT_CONVERSION = YES;
				GCC_WARN_ABOUT_RETURN_TYPE = YES_ERROR;
				GCC_WARN_UNDECLARED_SELECTOR = YES;
				GCC_WARN_UNINITIALIZED_AUTOS = YES_AGGRESSIVE;
				GCC_WARN_UNUSED_FUNCTION = YES;
				GCC_WARN_UNUSED_VARIABLE = YES;
				IPHONEOS_DEPLOYMENT_TARGET = 10.0;
				MTL_ENABLE_DEBUG_INFO = NO;
				SDKROOT = iphoneos;
				TARGETED_DEVICE_FAMILY = "1,2";
				VALIDATE_PRODUCT = YES;
			};
			name = Release;
		};
		9239B55A1E764B94007F31AD /* Debug */ = {
			isa = XCBuildConfiguration;
			buildSettings = {
				ASSETCATALOG_COMPILER_APPICON_NAME = AppIcon;
				DEVELOPMENT_TEAM = 2AW396D7B9;
				INFOPLIST_FILE = "OC-获取WiFi信息/Info.plist";
				LD_RUNPATH_SEARCH_PATHS = "$(inherited) @executable_path/Frameworks";
				PRODUCT_BUNDLE_IDENTIFIER = "xianzaishi.OC---WiFi--";
				PRODUCT_NAME = "$(TARGET_NAME)";
			};
			name = Debug;
		};
		9239B55B1E764B94007F31AD /* Release */ = {
			isa = XCBuildConfiguration;
			buildSettings = {
				ASSETCATALOG_COMPILER_APPICON_NAME = AppIcon;
				DEVELOPMENT_TEAM = 2AW396D7B9;
				INFOPLIST_FILE = "OC-获取WiFi信息/Info.plist";
				LD_RUNPATH_SEARCH_PATHS = "$(inherited) @executable_path/Frameworks";
				PRODUCT_BUNDLE_IDENTIFIER = "xianzaishi.OC---WiFi--";
				PRODUCT_NAME = "$(TARGET_NAME)";
			};
			name = Release;
		};
/* End XCBuildConfiguration section */

/* Begin XCConfigurationList section */
		9239B53D1E764B94007F31AD /* Build configuration list for PBXProject "OC-获取WiFi信息" */ = {
			isa = XCConfigurationList;
			buildConfigurations = (
				9239B5571E764B94007F31AD /* Debug */,
				9239B5581E764B94007F31AD /* Release */,
			);
			defaultConfigurationIsVisible = 0;
			defaultConfigurationName = Release;
		};
		9239B5591E764B94007F31AD /* Build configuration list for PBXNativeTarget "OC-获取WiFi信息" */ = {
			isa = XCConfigurationList;
			buildConfigurations = (
				9239B55A1E764B94007F31AD /* Debug */,
				9239B55B1E764B94007F31AD /* Release */,
			);
			defaultConfigurationIsVisible = 0;
		};
/* End XCConfigurationList section */
	};
	rootObject = 9239B53A1E764B94007F31AD /* Project object */;
}
